// !$*UTF8*$!
{
	archiveVersion = 1;
	classes = {
	};
	objectVersion = 56;
	objects = {

/* Begin PBXBuildFile section */
		9060EA8529438B9F00297F0C /* ExplicitSwiftLintViolationApp.swift in Sources */ = {isa = PBXBuildFile; fileRef = 9060EA8429438B9F00297F0C /* ExplicitSwiftLintViolationApp.swift */; };
		9060EA8729438B9F00297F0C /* ContentView.swift in Sources */ = {isa = PBXBuildFile; fileRef = 9060EA8629438B9F00297F0C /* ContentView.swift */; };
		9060EA8929438BA000297F0C /* Assets.xcassets in Resources */ = {isa = PBXBuildFile; fileRef = 9060EA8829438BA000297F0C /* Assets.xcassets */; };
		9060EA8D29438BA000297F0C /* Preview Assets.xcassets in Resources */ = {isa = PBXBuildFile; fileRef = 9060EA8C29438BA000297F0C /* Preview Assets.xcassets */; };
		9060EA9729438BA000297F0C /* ExplicitSwiftLintViolationTests.swift in Sources */ = {isa = PBXBuildFile; fileRef = 9060EA9629438BA000297F0C /* ExplicitSwiftLintViolationTests.swift */; };
		9060EAA129438BA000297F0C /* ExplicitSwiftLintViolationUITests.swift in Sources */ = {isa = PBXBuildFile; fileRef = 9060EAA029438BA000297F0C /* ExplicitSwiftLintViolationUITests.swift */; };
		9060EAA329438BA000297F0C /* ExplicitSwiftLintViolationUITestsLaunchTests.swift in Sources */ = {isa = PBXBuildFile; fileRef = 9060EAA229438BA000297F0C /* ExplicitSwiftLintViolationUITestsLaunchTests.swift */; };
/* End PBXBuildFile section */

/* Begin PBXContainerItemProxy section */
		9060EA9329438BA000297F0C /* PBXContainerItemProxy */ = {
			isa = PBXContainerItemProxy;
			containerPortal = 9060EA7929438B9F00297F0C /* Project object */;
			proxyType = 1;
			remoteGlobalIDString = 9060EA8029438B9F00297F0C;
			remoteInfo = ExplicitSwiftLintViolation;
		};
		9060EA9D29438BA000297F0C /* PBXContainerItemProxy */ = {
			isa = PBXContainerItemProxy;
			containerPortal = 9060EA7929438B9F00297F0C /* Project object */;
			proxyType = 1;
			remoteGlobalIDString = 9060EA8029438B9F00297F0C;
			remoteInfo = ExplicitSwiftLintViolation;
		};
/* End PBXContainerItemProxy section */

/* Begin PBXFileReference section */
		9060EA8129438B9F00297F0C /* ExplicitSwiftLintViolation.app */ = {isa = PBXFileReference; explicitFileType = wrapper.application; includeInIndex = 0; path = ExplicitSwiftLintViolation.app; sourceTree = BUILT_PRODUCTS_DIR; };
		9060EA8429438B9F00297F0C /* ExplicitSwiftLintViolationApp.swift */ = {isa = PBXFileReference; lastKnownFileType = sourcecode.swift; path = ExplicitSwiftLintViolationApp.swift; sourceTree = "<group>"; };
		9060EA8629438B9F00297F0C /* ContentView.swift */ = {isa = PBXFileReference; lastKnownFileType = sourcecode.swift; path = ContentView.swift; sourceTree = "<group>"; };
		9060EA8829438BA000297F0C /* Assets.xcassets */ = {isa = PBXFileReference; lastKnownFileType = folder.assetcatalog; path = Assets.xcassets; sourceTree = "<group>"; };
		9060EA8A29438BA000297F0C /* ExplicitSwiftLintViolation.entitlements */ = {isa = PBXFileReference; lastKnownFileType = text.plist.entitlements; path = ExplicitSwiftLintViolation.entitlements; sourceTree = "<group>"; };
		9060EA8C29438BA000297F0C /* Preview Assets.xcassets */ = {isa = PBXFileReference; lastKnownFileType = folder.assetcatalog; path = "Preview Assets.xcassets"; sourceTree = "<group>"; };
		9060EA9229438BA000297F0C /* ExplicitSwiftLintViolationTests.xctest */ = {isa = PBXFileReference; explicitFileType = wrapper.cfbundle; includeInIndex = 0; path = ExplicitSwiftLintViolationTests.xctest; sourceTree = BUILT_PRODUCTS_DIR; };
		9060EA9629438BA000297F0C /* ExplicitSwiftLintViolationTests.swift */ = {isa = PBXFileReference; lastKnownFileType = sourcecode.swift; path = ExplicitSwiftLintViolationTests.swift; sourceTree = "<group>"; };
		9060EA9C29438BA000297F0C /* ExplicitSwiftLintViolationUITests.xctest */ = {isa = PBXFileReference; explicitFileType = wrapper.cfbundle; includeInIndex = 0; path = ExplicitSwiftLintViolationUITests.xctest; sourceTree = BUILT_PRODUCTS_DIR; };
		9060EAA029438BA000297F0C /* ExplicitSwiftLintViolationUITests.swift */ = {isa = PBXFileReference; lastKnownFileType = sourcecode.swift; path = ExplicitSwiftLintViolationUITests.swift; sourceTree = "<group>"; };
		9060EAA229438BA000297F0C /* ExplicitSwiftLintViolationUITestsLaunchTests.swift */ = {isa = PBXFileReference; lastKnownFileType = sourcecode.swift; path = ExplicitSwiftLintViolationUITestsLaunchTests.swift; sourceTree = "<group>"; };
/* End PBXFileReference section */

/* Begin PBXFrameworksBuildPhase section */
		9060EA7E29438B9F00297F0C /* Frameworks */ = {
			isa = PBXFrameworksBuildPhase;
			buildActionMask = 2147483647;
			files = (
			);
			runOnlyForDeploymentPostprocessing = 0;
		};
		9060EA8F29438BA000297F0C /* Frameworks */ = {
			isa = PBXFrameworksBuildPhase;
			buildActionMask = 2147483647;
			files = (
			);
			runOnlyForDeploymentPostprocessing = 0;
		};
		9060EA9929438BA000297F0C /* Frameworks */ = {
			isa = PBXFrameworksBuildPhase;
			buildActionMask = 2147483647;
			files = (
			);
			runOnlyForDeploymentPostprocessing = 0;
		};
/* End PBXFrameworksBuildPhase section */

/* Begin PBXGroup section */
		9060EA7829438B9F00297F0C = {
			isa = PBXGroup;
			children = (
				9060EA8329438B9F00297F0C /* ExplicitSwiftLintViolation */,
				9060EA9529438BA000297F0C /* ExplicitSwiftLintViolationTests */,
				9060EA9F29438BA000297F0C /* ExplicitSwiftLintViolationUITests */,
				9060EA8229438B9F00297F0C /* Products */,
			);
			sourceTree = "<group>";
		};
		9060EA8229438B9F00297F0C /* Products */ = {
			isa = PBXGroup;
			children = (
				9060EA8129438B9F00297F0C /* ExplicitSwiftLintViolation.app */,
				9060EA9229438BA000297F0C /* ExplicitSwiftLintViolationTests.xctest */,
				9060EA9C29438BA000297F0C /* ExplicitSwiftLintViolationUITests.xctest */,
			);
			name = Products;
			sourceTree = "<group>";
		};
		9060EA8329438B9F00297F0C /* ExplicitSwiftLintViolation */ = {
			isa = PBXGroup;
			children = (
				9060EA8429438B9F00297F0C /* ExplicitSwiftLintViolationApp.swift */,
				9060EA8629438B9F00297F0C /* ContentView.swift */,
				9060EA8829438BA000297F0C /* Assets.xcassets */,
				9060EA8A29438BA000297F0C /* ExplicitSwiftLintViolation.entitlements */,
				9060EA8B29438BA000297F0C /* Preview Content */,
			);
			path = ExplicitSwiftLintViolation;
			sourceTree = "<group>";
		};
		9060EA8B29438BA000297F0C /* Preview Content */ = {
			isa = PBXGroup;
			children = (
				9060EA8C29438BA000297F0C /* Preview Assets.xcassets */,
			);
			path = "Preview Content";
			sourceTree = "<group>";
		};
		9060EA9529438BA000297F0C /* ExplicitSwiftLintViolationTests */ = {
			isa = PBXGroup;
			children = (
				9060EA9629438BA000297F0C /* ExplicitSwiftLintViolationTests.swift */,
			);
			path = ExplicitSwiftLintViolationTests;
			sourceTree = "<group>";
		};
		9060EA9F29438BA000297F0C /* ExplicitSwiftLintViolationUITests */ = {
			isa = PBXGroup;
			children = (
				9060EAA029438BA000297F0C /* ExplicitSwiftLintViolationUITests.swift */,
				9060EAA229438BA000297F0C /* ExplicitSwiftLintViolationUITestsLaunchTests.swift */,
			);
			path = ExplicitSwiftLintViolationUITests;
			sourceTree = "<group>";
		};
/* End PBXGroup section */

/* Begin PBXNativeTarget section */
		9060EA8029438B9F00297F0C /* ExplicitSwiftLintViolation */ = {
			isa = PBXNativeTarget;
			buildConfigurationList = 9060EAA629438BA000297F0C /* Build configuration list for PBXNativeTarget "ExplicitSwiftLintViolation" */;
			buildPhases = (
				9060EA7D29438B9F00297F0C /* Sources */,
				9060EAAF29438CD500297F0C /* Swiftlint */,
				9060EA7E29438B9F00297F0C /* Frameworks */,
				9060EA7F29438B9F00297F0C /* Resources */,
			);
			buildRules = (
			);
			dependencies = (
			);
			name = ExplicitSwiftLintViolation;
			productName = ExplicitSwiftLintViolation;
			productReference = 9060EA8129438B9F00297F0C /* ExplicitSwiftLintViolation.app */;
			productType = "com.apple.product-type.application";
		};
		9060EA9129438BA000297F0C /* ExplicitSwiftLintViolationTests */ = {
			isa = PBXNativeTarget;
			buildConfigurationList = 9060EAA929438BA000297F0C /* Build configuration list for PBXNativeTarget "ExplicitSwiftLintViolationTests" */;
			buildPhases = (
				9060EA8E29438BA000297F0C /* Sources */,
				9060EA8F29438BA000297F0C /* Frameworks */,
				9060EA9029438BA000297F0C /* Resources */,
			);
			buildRules = (
			);
			dependencies = (
				9060EA9429438BA000297F0C /* PBXTargetDependency */,
			);
			name = ExplicitSwiftLintViolationTests;
			productName = ExplicitSwiftLintViolationTests;
			productReference = 9060EA9229438BA000297F0C /* ExplicitSwiftLintViolationTests.xctest */;
			productType = "com.apple.product-type.bundle.unit-test";
		};
		9060EA9B29438BA000297F0C /* ExplicitSwiftLintViolationUITests */ = {
			isa = PBXNativeTarget;
			buildConfigurationList = 9060EAAC29438BA000297F0C /* Build configuration list for PBXNativeTarget "ExplicitSwiftLintViolationUITests" */;
			buildPhases = (
				9060EA9829438BA000297F0C /* Sources */,
				9060EA9929438BA000297F0C /* Frameworks */,
				9060EA9A29438BA000297F0C /* Resources */,
			);
			buildRules = (
			);
			dependencies = (
				9060EA9E29438BA000297F0C /* PBXTargetDependency */,
			);
			name = ExplicitSwiftLintViolationUITests;
			productName = ExplicitSwiftLintViolationUITests;
			productReference = 9060EA9C29438BA000297F0C /* ExplicitSwiftLintViolationUITests.xctest */;
			productType = "com.apple.product-type.bundle.ui-testing";
		};
/* End PBXNativeTarget section */

/* Begin PBXProject section */
		9060EA7929438B9F00297F0C /* Project object */ = {
			isa = PBXProject;
			attributes = {
				BuildIndependentTargetsInParallel = 1;
				LastSwiftUpdateCheck = 1400;
				LastUpgradeCheck = 1400;
				TargetAttributes = {
					9060EA8029438B9F00297F0C = {
						CreatedOnToolsVersion = 14.0.1;
					};
					9060EA9129438BA000297F0C = {
						CreatedOnToolsVersion = 14.0.1;
						TestTargetID = 9060EA8029438B9F00297F0C;
					};
					9060EA9B29438BA000297F0C = {
						CreatedOnToolsVersion = 14.0.1;
						TestTargetID = 9060EA8029438B9F00297F0C;
					};
				};
			};
			buildConfigurationList = 9060EA7C29438B9F00297F0C /* Build configuration list for PBXProject "ExplicitSwiftLintViolation" */;
			compatibilityVersion = "Xcode 14.0";
			developmentRegion = en;
			hasScannedForEncodings = 0;
			knownRegions = (
				en,
				Base,
			);
			mainGroup = 9060EA7829438B9F00297F0C;
			productRefGroup = 9060EA8229438B9F00297F0C /* Products */;
			projectDirPath = "";
			projectRoot = "";
			targets = (
				9060EA8029438B9F00297F0C /* ExplicitSwiftLintViolation */,
				9060EA9129438BA000297F0C /* ExplicitSwiftLintViolationTests */,
				9060EA9B29438BA000297F0C /* ExplicitSwiftLintViolationUITests */,
			);
		};
/* End PBXProject section */

/* Begin PBXResourcesBuildPhase section */
		9060EA7F29438B9F00297F0C /* Resources */ = {
			isa = PBXResourcesBuildPhase;
			buildActionMask = 2147483647;
			files = (
				9060EA8D29438BA000297F0C /* Preview Assets.xcassets in Resources */,
				9060EA8929438BA000297F0C /* Assets.xcassets in Resources */,
			);
			runOnlyForDeploymentPostprocessing = 0;
		};
		9060EA9029438BA000297F0C /* Resources */ = {
			isa = PBXResourcesBuildPhase;
			buildActionMask = 2147483647;
			files = (
			);
			runOnlyForDeploymentPostprocessing = 0;
		};
		9060EA9A29438BA000297F0C /* Resources */ = {
			isa = PBXResourcesBuildPhase;
			buildActionMask = 2147483647;
			files = (
			);
			runOnlyForDeploymentPostprocessing = 0;
		};
/* End PBXResourcesBuildPhase section */

/* Begin PBXShellScriptBuildPhase section */
		9060EAAF29438CD500297F0C /* Swiftlint */ = {
			isa = PBXShellScriptBuildPhase;
			buildActionMask = 2147483647;
			files = (
			);
			inputFileListPaths = (
			);
			inputPaths = (
			);
			name = Swiftlint;
			outputFileListPaths = (
			);
			outputPaths = (
			);
			runOnlyForDeploymentPostprocessing = 0;
			shellPath = /bin/sh;
			shellScript = "./bin/swiftlint\n";
		};
/* End PBXShellScriptBuildPhase section */

/* Begin PBXSourcesBuildPhase section */
		9060EA7D29438B9F00297F0C /* Sources */ = {
			isa = PBXSourcesBuildPhase;
			buildActionMask = 2147483647;
			files = (
				9060EA8729438B9F00297F0C /* ContentView.swift in Sources */,
				9060EA8529438B9F00297F0C /* ExplicitSwiftLintViolationApp.swift in Sources */,
			);
			runOnlyForDeploymentPostprocessing = 0;
		};
		9060EA8E29438BA000297F0C /* Sources */ = {
			isa = PBXSourcesBuildPhase;
			buildActionMask = 2147483647;
			files = (
				9060EA9729438BA000297F0C /* ExplicitSwiftLintViolationTests.swift in Sources */,
			);
			runOnlyForDeploymentPostprocessing = 0;
		};
		9060EA9829438BA000297F0C /* Sources */ = {
			isa = PBXSourcesBuildPhase;
			buildActionMask = 2147483647;
			files = (
				9060EAA129438BA000297F0C /* ExplicitSwiftLintViolationUITests.swift in Sources */,
				9060EAA329438BA000297F0C /* ExplicitSwiftLintViolationUITestsLaunchTests.swift in Sources */,
			);
			runOnlyForDeploymentPostprocessing = 0;
		};
/* End PBXSourcesBuildPhase section */

/* Begin PBXTargetDependency section */
		9060EA9429438BA000297F0C /* PBXTargetDependency */ = {
			isa = PBXTargetDependency;
			target = 9060EA8029438B9F00297F0C /* ExplicitSwiftLintViolation */;
			targetProxy = 9060EA9329438BA000297F0C /* PBXContainerItemProxy */;
		};
		9060EA9E29438BA000297F0C /* PBXTargetDependency */ = {
			isa = PBXTargetDependency;
			target = 9060EA8029438B9F00297F0C /* ExplicitSwiftLintViolation */;
			targetProxy = 9060EA9D29438BA000297F0C /* PBXContainerItemProxy */;
		};
/* End PBXTargetDependency section */

/* Begin XCBuildConfiguration section */
		9060EAA429438BA000297F0C /* Debug */ = {
			isa = XCBuildConfiguration;
			buildSettings = {
				ALWAYS_SEARCH_USER_PATHS = NO;
				CLANG_ANALYZER_NONNULL = YES;
				CLANG_ANALYZER_NUMBER_OBJECT_CONVERSION = YES_AGGRESSIVE;
				CLANG_CXX_LANGUAGE_STANDARD = "gnu++20";
				CLANG_ENABLE_MODULES = YES;
				CLANG_ENABLE_OBJC_ARC = YES;
				CLANG_ENABLE_OBJC_WEAK = YES;
				CLANG_WARN_BLOCK_CAPTURE_AUTORELEASING = YES;
				CLANG_WARN_BOOL_CONVERSION = YES;
				CLANG_WARN_COMMA = YES;
				CLANG_WARN_CONSTANT_CONVERSION = YES;
				CLANG_WARN_DEPRECATED_OBJC_IMPLEMENTATIONS = YES;
				CLANG_WARN_DIRECT_OBJC_ISA_USAGE = YES_ERROR;
				CLANG_WARN_DOCUMENTATION_COMMENTS = YES;
				CLANG_WARN_EMPTY_BODY = YES;
				CLANG_WARN_ENUM_CONVERSION = YES;
				CLANG_WARN_INFINITE_RECURSION = YES;
				CLANG_WARN_INT_CONVERSION = YES;
				CLANG_WARN_NON_LITERAL_NULL_CONVERSION = YES;
				CLANG_WARN_OBJC_IMPLICIT_RETAIN_SELF = YES;
				CLANG_WARN_OBJC_LITERAL_CONVERSION = YES;
				CLANG_WARN_OBJC_ROOT_CLASS = YES_ERROR;
				CLANG_WARN_QUOTED_INCLUDE_IN_FRAMEWORK_HEADER = YES;
				CLANG_WARN_RANGE_LOOP_ANALYSIS = YES;
				CLANG_WARN_STRICT_PROTOTYPES = YES;
				CLANG_WARN_SUSPICIOUS_MOVE = YES;
				CLANG_WARN_UNGUARDED_AVAILABILITY = YES_AGGRESSIVE;
				CLANG_WARN_UNREACHABLE_CODE = YES;
				CLANG_WARN__DUPLICATE_METHOD_MATCH = YES;
				COPY_PHASE_STRIP = NO;
				DEBUG_INFORMATION_FORMAT = dwarf;
				ENABLE_STRICT_OBJC_MSGSEND = YES;
				ENABLE_TESTABILITY = YES;
				GCC_C_LANGUAGE_STANDARD = gnu11;
				GCC_DYNAMIC_NO_PIC = NO;
				GCC_NO_COMMON_BLOCKS = YES;
				GCC_OPTIMIZATION_LEVEL = 0;
				GCC_PREPROCESSOR_DEFINITIONS = (
					"DEBUG=1",
					"$(inherited)",
				);
				GCC_WARN_64_TO_32_BIT_CONVERSION = YES;
				GCC_WARN_ABOUT_RETURN_TYPE = YES_ERROR;
				GCC_WARN_UNDECLARED_SELECTOR = YES;
				GCC_WARN_UNINITIALIZED_AUTOS = YES_AGGRESSIVE;
				GCC_WARN_UNUSED_FUNCTION = YES;
				GCC_WARN_UNUSED_VARIABLE = YES;
				MTL_ENABLE_DEBUG_INFO = INCLUDE_SOURCE;
				MTL_FAST_MATH = YES;
				ONLY_ACTIVE_ARCH = YES;
				SWIFT_ACTIVE_COMPILATION_CONDITIONS = DEBUG;
				SWIFT_OPTIMIZATION_LEVEL = "-Onone";
			};
			name = Debug;
		};
		9060EAA529438BA000297F0C /* Release */ = {
			isa = XCBuildConfiguration;
			buildSettings = {
				ALWAYS_SEARCH_USER_PATHS = NO;
				CLANG_ANALYZER_NONNULL = YES;
				CLANG_ANALYZER_NUMBER_OBJECT_CONVERSION = YES_AGGRESSIVE;
				CLANG_CXX_LANGUAGE_STANDARD = "gnu++20";
				CLANG_ENABLE_MODULES = YES;
				CLANG_ENABLE_OBJC_ARC = YES;
				CLANG_ENABLE_OBJC_WEAK = YES;
				CLANG_WARN_BLOCK_CAPTURE_AUTORELEASING = YES;
				CLANG_WARN_BOOL_CONVERSION = YES;
				CLANG_WARN_COMMA = YES;
				CLANG_WARN_CONSTANT_CONVERSION = YES;
				CLANG_WARN_DEPRECATED_OBJC_IMPLEMENTATIONS = YES;
				CLANG_WARN_DIRECT_OBJC_ISA_USAGE = YES_ERROR;
				CLANG_WARN_DOCUMENTATION_COMMENTS = YES;
				CLANG_WARN_EMPTY_BODY = YES;
				CLANG_WARN_ENUM_CONVERSION = YES;
				CLANG_WARN_INFINITE_RECURSION = YES;
				CLANG_WARN_INT_CONVERSION = YES;
				CLANG_WARN_NON_LITERAL_NULL_CONVERSION = YES;
				CLANG_WARN_OBJC_IMPLICIT_RETAIN_SELF = YES;
				CLANG_WARN_OBJC_LITERAL_CONVERSION = YES;
				CLANG_WARN_OBJC_ROOT_CLASS = YES_ERROR;
				CLANG_WARN_QUOTED_INCLUDE_IN_FRAMEWORK_HEADER = YES;
				CLANG_WARN_RANGE_LOOP_ANALYSIS = YES;
				CLANG_WARN_STRICT_PROTOTYPES = YES;
				CLANG_WARN_SUSPICIOUS_MOVE = YES;
				CLANG_WARN_UNGUARDED_AVAILABILITY = YES_AGGRESSIVE;
				CLANG_WARN_UNREACHABLE_CODE = YES;
				CLANG_WARN__DUPLICATE_METHOD_MATCH = YES;
				COPY_PHASE_STRIP = NO;
				DEBUG_INFORMATION_FORMAT = "dwarf-with-dsym";
				ENABLE_NS_ASSERTIONS = NO;
				ENABLE_STRICT_OBJC_MSGSEND = YES;
				GCC_C_LANGUAGE_STANDARD = gnu11;
				GCC_NO_COMMON_BLOCKS = YES;
				GCC_WARN_64_TO_32_BIT_CONVERSION = YES;
				GCC_WARN_ABOUT_RETURN_TYPE = YES_ERROR;
				GCC_WARN_UNDECLARED_SELECTOR = YES;
				GCC_WARN_UNINITIALIZED_AUTOS = YES_AGGRESSIVE;
				GCC_WARN_UNUSED_FUNCTION = YES;
				GCC_WARN_UNUSED_VARIABLE = YES;
				MTL_ENABLE_DEBUG_INFO = NO;
				MTL_FAST_MATH = YES;
				SWIFT_COMPILATION_MODE = wholemodule;
				SWIFT_OPTIMIZATION_LEVEL = "-O";
			};
			name = Release;
		};
		9060EAA729438BA000297F0C /* Debug */ = {
			isa = XCBuildConfiguration;
			buildSettings = {
				ASSETCATALOG_COMPILER_APPICON_NAME = AppIcon;
				ASSETCATALOG_COMPILER_GLOBAL_ACCENT_COLOR_NAME = AccentColor;
				CODE_SIGN_ENTITLEMENTS = ExplicitSwiftLintViolation/ExplicitSwiftLintViolation.entitlements;
				CODE_SIGN_STYLE = Automatic;
				CURRENT_PROJECT_VERSION = 1;
				DEVELOPMENT_ASSET_PATHS = "\"ExplicitSwiftLintViolation/Preview Content\"";
				ENABLE_PREVIEWS = YES;
				GENERATE_INFOPLIST_FILE = YES;
				"INFOPLIST_KEY_UIApplicationSceneManifest_Generation[sdk=iphoneos*]" = YES;
				"INFOPLIST_KEY_UIApplicationSceneManifest_Generation[sdk=iphonesimulator*]" = YES;
				"INFOPLIST_KEY_UIApplicationSupportsIndirectInputEvents[sdk=iphoneos*]" = YES;
				"INFOPLIST_KEY_UIApplicationSupportsIndirectInputEvents[sdk=iphonesimulator*]" = YES;
				"INFOPLIST_KEY_UILaunchScreen_Generation[sdk=iphoneos*]" = YES;
				"INFOPLIST_KEY_UILaunchScreen_Generation[sdk=iphonesimulator*]" = YES;
				"INFOPLIST_KEY_UIStatusBarStyle[sdk=iphoneos*]" = UIStatusBarStyleDefault;
				"INFOPLIST_KEY_UIStatusBarStyle[sdk=iphonesimulator*]" = UIStatusBarStyleDefault;
				INFOPLIST_KEY_UISupportedInterfaceOrientations_iPad = "UIInterfaceOrientationPortrait UIInterfaceOrientationPortraitUpsideDown UIInterfaceOrientationLandscapeLeft UIInterfaceOrientationLandscapeRight";
				INFOPLIST_KEY_UISupportedInterfaceOrientations_iPhone = "UIInterfaceOrientationPortrait UIInterfaceOrientationLandscapeLeft UIInterfaceOrientationLandscapeRight";
				IPHONEOS_DEPLOYMENT_TARGET = 16.0;
				LD_RUNPATH_SEARCH_PATHS = "@executable_path/Frameworks";
				"LD_RUNPATH_SEARCH_PATHS[sdk=macosx*]" = "@executable_path/../Frameworks";
				MACOSX_DEPLOYMENT_TARGET = 12.3;
				MARKETING_VERSION = 1.0;
				PRODUCT_BUNDLE_IDENTIFIER = personal.grayson.ExplicitSwiftLintViolation;
				PRODUCT_NAME = "$(TARGET_NAME)";
				SDKROOT = auto;
				SUPPORTED_PLATFORMS = "iphoneos iphonesimulator macosx";
				SWIFT_EMIT_LOC_STRINGS = YES;
				SWIFT_VERSION = 5.0;
				TARGETED_DEVICE_FAMILY = "1,2";
			};
			name = Debug;
		};
		9060EAA829438BA000297F0C /* Release */ = {
			isa = XCBuildConfiguration;
			buildSettings = {
				ASSETCATALOG_COMPILER_APPICON_NAME = AppIcon;
				ASSETCATALOG_COMPILER_GLOBAL_ACCENT_COLOR_NAME = AccentColor;
				CODE_SIGN_ENTITLEMENTS = ExplicitSwiftLintViolation/ExplicitSwiftLintViolation.entitlements;
				CODE_SIGN_STYLE = Automatic;
				CURRENT_PROJECT_VERSION = 1;
				DEVELOPMENT_ASSET_PATHS = "\"ExplicitSwiftLintViolation/Preview Content\"";
				ENABLE_PREVIEWS = YES;
				GENERATE_INFOPLIST_FILE = YES;
				"INFOPLIST_KEY_UIApplicationSceneManifest_Generation[sdk=iphoneos*]" = YES;
				"INFOPLIST_KEY_UIApplicationSceneManifest_Generation[sdk=iphonesimulator*]" = YES;
				"INFOPLIST_KEY_UIApplicationSupportsIndirectInputEvents[sdk=iphoneos*]" = YES;
				"INFOPLIST_KEY_UIApplicationSupportsIndirectInputEvents[sdk=iphonesimulator*]" = YES;
				"INFOPLIST_KEY_UILaunchScreen_Generation[sdk=iphoneos*]" = YES;
				"INFOPLIST_KEY_UILaunchScreen_Generation[sdk=iphonesimulator*]" = YES;
				"INFOPLIST_KEY_UIStatusBarStyle[sdk=iphoneos*]" = UIStatusBarStyleDefault;
				"INFOPLIST_KEY_UIStatusBarStyle[sdk=iphonesimulator*]" = UIStatusBarStyleDefault;
				INFOPLIST_KEY_UISupportedInterfaceOrientations_iPad = "UIInterfaceOrientationPortrait UIInterfaceOrientationPortraitUpsideDown UIInterfaceOrientationLandscapeLeft UIInterfaceOrientationLandscapeRight";
				INFOPLIST_KEY_UISupportedInterfaceOrientations_iPhone = "UIInterfaceOrientationPortrait UIInterfaceOrientationLandscapeLeft UIInterfaceOrientationLandscapeRight";
				IPHONEOS_DEPLOYMENT_TARGET = 16.0;
				LD_RUNPATH_SEARCH_PATHS = "@executable_path/Frameworks";
				"LD_RUNPATH_SEARCH_PATHS[sdk=macosx*]" = "@executable_path/../Frameworks";
				MACOSX_DEPLOYMENT_TARGET = 12.3;
				MARKETING_VERSION = 1.0;
				PRODUCT_BUNDLE_IDENTIFIER = personal.grayson.ExplicitSwiftLintViolation;
				PRODUCT_NAME = "$(TARGET_NAME)";
				SDKROOT = auto;
				SUPPORTED_PLATFORMS = "iphoneos iphonesimulator macosx";
				SWIFT_EMIT_LOC_STRINGS = YES;
				SWIFT_VERSION = 5.0;
				TARGETED_DEVICE_FAMILY = "1,2";
			};
			name = Release;
		};
		9060EAAA29438BA000297F0C /* Debug */ = {
			isa = XCBuildConfiguration;
			buildSettings = {
				ALWAYS_EMBED_SWIFT_STANDARD_LIBRARIES = YES;
				BUNDLE_LOADER = "$(TEST_HOST)";
				CODE_SIGN_STYLE = Automatic;
				CURRENT_PROJECT_VERSION = 1;
				GENERATE_INFOPLIST_FILE = YES;
				IPHONEOS_DEPLOYMENT_TARGET = 16.0;
				MACOSX_DEPLOYMENT_TARGET = 12.3;
				MARKETING_VERSION = 1.0;
				PRODUCT_BUNDLE_IDENTIFIER = personal.grayson.ExplicitSwiftLintViolationTests;
				PRODUCT_NAME = "$(TARGET_NAME)";
				SDKROOT = auto;
				SUPPORTED_PLATFORMS = "iphoneos iphonesimulator macosx";
				SWIFT_EMIT_LOC_STRINGS = NO;
				SWIFT_VERSION = 5.0;
				TARGETED_DEVICE_FAMILY = "1,2";
				TEST_HOST = "$(BUILT_PRODUCTS_DIR)/ExplicitSwiftLintViolation.app/$(BUNDLE_EXECUTABLE_FOLDER_PATH)/ExplicitSwiftLintViolation";
			};
			name = Debug;
		};
		9060EAAB29438BA000297F0C /* Release */ = {
			isa = XCBuildConfiguration;
			buildSettings = {
				ALWAYS_EMBED_SWIFT_STANDARD_LIBRARIES = YES;
				BUNDLE_LOADER = "$(TEST_HOST)";
				CODE_SIGN_STYLE = Automatic;
				CURRENT_PROJECT_VERSION = 1;
				GENERATE_INFOPLIST_FILE = YES;
				IPHONEOS_DEPLOYMENT_TARGET = 16.0;
				MACOSX_DEPLOYMENT_TARGET = 12.3;
				MARKETING_VERSION = 1.0;
				PRODUCT_BUNDLE_IDENTIFIER = personal.grayson.ExplicitSwiftLintViolationTests;
				PRODUCT_NAME = "$(TARGET_NAME)";
				SDKROOT = auto;
				SUPPORTED_PLATFORMS = "iphoneos iphonesimulator macosx";
				SWIFT_EMIT_LOC_STRINGS = NO;
				SWIFT_VERSION = 5.0;
				TARGETED_DEVICE_FAMILY = "1,2";
				TEST_HOST = "$(BUILT_PRODUCTS_DIR)/ExplicitSwiftLintViolation.app/$(BUNDLE_EXECUTABLE_FOLDER_PATH)/ExplicitSwiftLintViolation";
			};
			name = Release;
		};
		9060EAAD29438BA000297F0C /* Debug */ = {
			isa = XCBuildConfiguration;
			buildSettings = {
				ALWAYS_EMBED_SWIFT_STANDARD_LIBRARIES = YES;
				CODE_SIGN_STYLE = Automatic;
				CURRENT_PROJECT_VERSION = 1;
				GENERATE_INFOPLIST_FILE = YES;
				IPHONEOS_DEPLOYMENT_TARGET = 16.0;
				MACOSX_DEPLOYMENT_TARGET = 12.3;
				MARKETING_VERSION = 1.0;
				PRODUCT_BUNDLE_IDENTIFIER = personal.grayson.ExplicitSwiftLintViolationUITests;
				PRODUCT_NAME = "$(TARGET_NAME)";
				SDKROOT = auto;
				SUPPORTED_PLATFORMS = "iphoneos iphonesimulator macosx";
				SWIFT_EMIT_LOC_STRINGS = NO;
				SWIFT_VERSION = 5.0;
				TARGETED_DEVICE_FAMILY = "1,2";
				TEST_TARGET_NAME = ExplicitSwiftLintViolation;
			};
			name = Debug;
		};
		9060EAAE29438BA000297F0C /* Release */ = {
			isa = XCBuildConfiguration;
			buildSettings = {
				ALWAYS_EMBED_SWIFT_STANDARD_LIBRARIES = YES;
				CODE_SIGN_STYLE = Automatic;
				CURRENT_PROJECT_VERSION = 1;
				GENERATE_INFOPLIST_FILE = YES;
				IPHONEOS_DEPLOYMENT_TARGET = 16.0;
				MACOSX_DEPLOYMENT_TARGET = 12.3;
				MARKETING_VERSION = 1.0;
				PRODUCT_BUNDLE_IDENTIFIER = personal.grayson.ExplicitSwiftLintViolationUITests;
				PRODUCT_NAME = "$(TARGET_NAME)";
				SDKROOT = auto;
				SUPPORTED_PLATFORMS = "iphoneos iphonesimulator macosx";
				SWIFT_EMIT_LOC_STRINGS = NO;
				SWIFT_VERSION = 5.0;
				TARGETED_DEVICE_FAMILY = "1,2";
				TEST_TARGET_NAME = ExplicitSwiftLintViolation;
			};
			name = Release;
		};
/* End XCBuildConfiguration section */

/* Begin XCConfigurationList section */
		9060EA7C29438B9F00297F0C /* Build configuration list for PBXProject "ExplicitSwiftLintViolation" */ = {
			isa = XCConfigurationList;
			buildConfigurations = (
				9060EAA429438BA000297F0C /* Debug */,
				9060EAA529438BA000297F0C /* Release */,
			);
			defaultConfigurationIsVisible = 0;
			defaultConfigurationName = Release;
		};
		9060EAA629438BA000297F0C /* Build configuration list for PBXNativeTarget "ExplicitSwiftLintViolation" */ = {
			isa = XCConfigurationList;
			buildConfigurations = (
				9060EAA729438BA000297F0C /* Debug */,
				9060EAA829438BA000297F0C /* Release */,
			);
			defaultConfigurationIsVisible = 0;
			defaultConfigurationName = Release;
		};
		9060EAA929438BA000297F0C /* Build configuration list for PBXNativeTarget "ExplicitSwiftLintViolationTests" */ = {
			isa = XCConfigurationList;
			buildConfigurations = (
				9060EAAA29438BA000297F0C /* Debug */,
				9060EAAB29438BA000297F0C /* Release */,
			);
			defaultConfigurationIsVisible = 0;
			defaultConfigurationName = Release;
		};
		9060EAAC29438BA000297F0C /* Build configuration list for PBXNativeTarget "ExplicitSwiftLintViolationUITests" */ = {
			isa = XCConfigurationList;
			buildConfigurations = (
				9060EAAD29438BA000297F0C /* Debug */,
				9060EAAE29438BA000297F0C /* Release */,
			);
			defaultConfigurationIsVisible = 0;
			defaultConfigurationName = Release;
		};
/* End XCConfigurationList section */
	};
	rootObject = 9060EA7929438B9F00297F0C /* Project object */;
}
